
Microsoft Visual Studio Solution File, Format Version 12.00
# Visual Studio Version 16
VisualStudioVersion = 16.0.29020.237
MinimumVisualStudioVersion = 10.0.40219.1
Project("{FAE04EC0-301F-11D3-BF4B-00C04F79EFBC}") = "SteamDLCChecker", "SteamDLCChecker\SteamDLCChecker.csproj", "{C5E6B1DC-0566-4E8C-9A66-19CDE4BEF803}"
EndProject
Global
	GlobalSection(SolutionConfigurationPlatforms) = preSolution
		Debug|Any CPU = Debug|Any CPU
		Release|Any CPU = Release|Any CPU
	EndGlobalSection
	GlobalSection(ProjectConfigurationPlatforms) = postSolution
		{C5E6B1DC-0566-4E8C-9A66-19CDE4BEF803}.Debug|Any CPU.ActiveCfg = Debug|Any CPU
		{C5E6B1DC-0566-4E8C-9A66-19CDE4BEF803}.Debug|Any CPU.Build.0 = Debug|Any CPU
		{C5E6B1DC-0566-4E8C-9A66-19CDE4BEF803}.Release|Any CPU.ActiveCfg = Release|Any CPU
		{C5E6B1DC-0566-4E8C-9A66-19CDE4BEF803}.Release|Any CPU.Build.0 = Release|Any CPU
	EndGlobalSection
	GlobalSection(SolutionProperties) = preSolution
		HideSolutionNode = FALSE
	EndGlobalSection
	GlobalSection(ExtensibilityGlobals) = postSolution
		SolutionGuid = {B28F660F-689F-4F51-8311-A3640A72D465}
	EndGlobalSection
EndGlobal
